
Microsoft Visual Studio Solution File, Format Version 12.00
# Visual Studio 14
VisualStudioVersion = 14.0.25420.1
MinimumVisualStudioVersion = 10.0.40219.1
Project("{FAE04EC0-301F-11D3-BF4B-00C04F79EFBC}") = "TrainingIoT.RemoteControl.App", "TrainingIoT.RemoteControl.App\TrainingIoT.RemoteControl.App.csproj", "{C34C180C-229D-4AD6-8AB8-8EF5FB6F997F}"
EndProject
Project("{2150E333-8FDC-42A3-9474-1A3956D46DE8}") = "PublishScripts", "PublishScripts", "{65687FE4-D663-4CC2-9408-19D85AB9A6E6}"
EndProject
Project("{2150E333-8FDC-42A3-9474-1A3956D46DE8}") = "Scripts", "Scripts", "{01B17531-8840-4786-94D8-D335D1483743}"
	ProjectSection(SolutionItems) = preProject
		PublishScripts\Scripts\Deploy-AzureResourceGroup.ps1 = PublishScripts\Scripts\Deploy-AzureResourceGroup.ps1
	EndProjectSection
EndProject
Project("{2150E333-8FDC-42A3-9474-1A3956D46DE8}") = "Templates", "Templates", "{438277A7-42C4-4D95-9F6F-F8F4B6493472}"
	ProjectSection(SolutionItems) = preProject
		PublishScripts\Templates\TrainingIoTRemoteControlApp.json = PublishScripts\Templates\TrainingIoTRemoteControlApp.json
		PublishScripts\Templates\TrainingIoTRemoteControlApp.param.dev.json = PublishScripts\Templates\TrainingIoTRemoteControlApp.param.dev.json
	EndProjectSection
EndProject
Global
	GlobalSection(SolutionConfigurationPlatforms) = preSolution
		Debug|Any CPU = Debug|Any CPU
		Release|Any CPU = Release|Any CPU
	EndGlobalSection
	GlobalSection(ProjectConfigurationPlatforms) = postSolution
		{C34C180C-229D-4AD6-8AB8-8EF5FB6F997F}.Debug|Any CPU.ActiveCfg = Debug|Any CPU
		{C34C180C-229D-4AD6-8AB8-8EF5FB6F997F}.Debug|Any CPU.Build.0 = Debug|Any CPU
		{C34C180C-229D-4AD6-8AB8-8EF5FB6F997F}.Release|Any CPU.ActiveCfg = Release|Any CPU
		{C34C180C-229D-4AD6-8AB8-8EF5FB6F997F}.Release|Any CPU.Build.0 = Release|Any CPU
	EndGlobalSection
	GlobalSection(SolutionProperties) = preSolution
		HideSolutionNode = FALSE
	EndGlobalSection
	GlobalSection(NestedProjects) = preSolution
		{01B17531-8840-4786-94D8-D335D1483743} = {65687FE4-D663-4CC2-9408-19D85AB9A6E6}
		{438277A7-42C4-4D95-9F6F-F8F4B6493472} = {65687FE4-D663-4CC2-9408-19D85AB9A6E6}
	EndGlobalSection
EndGlobal
